
Microsoft Visual Studio Solution File, Format Version 12.00
# Visual Studio Version 16
VisualStudioVersion = 16.0.28721.148
MinimumVisualStudioVersion = 10.0.40219.1
Project("{888888A0-9F3D-457C-B088-3A5042F75D52}") = "Статистические данные", "Статистические данные.pyproj", "{72B86372-51B6-4C6D-8109-68A6FE9F2667}"
EndProject
Global
	GlobalSection(SolutionConfigurationPlatforms) = preSolution
		Debug|Any CPU = Debug|Any CPU
		Release|Any CPU = Release|Any CPU
	EndGlobalSection
	GlobalSection(ProjectConfigurationPlatforms) = postSolution
		{72B86372-51B6-4C6D-8109-68A6FE9F2667}.Debug|Any CPU.ActiveCfg = Debug|Any CPU
		{72B86372-51B6-4C6D-8109-68A6FE9F2667}.Release|Any CPU.ActiveCfg = Release|Any CPU
	EndGlobalSection
	GlobalSection(SolutionProperties) = preSolution
		HideSolutionNode = FALSE
	EndGlobalSection
	GlobalSection(ExtensibilityGlobals) = postSolution
		SolutionGuid = {964EC881-BF3E-4979-AE1B-67A62A130746}
	EndGlobalSection
EndGlobal
